// !$*UTF8*$!
{
	archiveVersion = 1;
	classes = {
	};
	objectVersion = 47;
	objects = {

/* Begin PBXBuildFile section */
		D0372E672061152900BA83EC /* HILayerStrokeController.m in Sources */ = {isa = PBXBuildFile; fileRef = D0372E662061152900BA83EC /* HILayerStrokeController.m */; };
		D74117C41EB2E97C0082B450 /* main.m in Sources */ = {isa = PBXBuildFile; fileRef = D74117C31EB2E97C0082B450 /* main.m */; };
		D74117CF1EB2E97C0082B450 /* Assets.xcassets in Resources */ = {isa = PBXBuildFile; fileRef = D74117CE1EB2E97C0082B450 /* Assets.xcassets */; };
		D74117D21EB2E97C0082B450 /* LaunchScreen.storyboard in Resources */ = {isa = PBXBuildFile; fileRef = D74117D01EB2E97C0082B450 /* LaunchScreen.storyboard */; };
		D74117E01EB2ED340082B450 /* AppDelegate.m in Sources */ = {isa = PBXBuildFile; fileRef = D74117DB1EB2ED340082B450 /* AppDelegate.m */; };
		D74117E11EB2ED340082B450 /* ViewController.m in Sources */ = {isa = PBXBuildFile; fileRef = D74117DF1EB2ED340082B450 /* ViewController.m */; };
		D74117E31EB2ED5E0082B450 /* Main.storyboard in Resources */ = {isa = PBXBuildFile; fileRef = D74117E21EB2ED5E0082B450 /* Main.storyboard */; };
		D74117E61EB2EDCB0082B450 /* HICALayerController.m in Sources */ = {isa = PBXBuildFile; fileRef = D74117E51EB2EDCB0082B450 /* HICALayerController.m */; };
		D74117E91EB2EDE00082B450 /* HIUIViewController.m in Sources */ = {isa = PBXBuildFile; fileRef = D74117E81EB2EDE00082B450 /* HIUIViewController.m */; };
		D74117FE1EB2FAA30082B450 /* Localizable.strings in Resources */ = {isa = PBXBuildFile; fileRef = D74118001EB2FAA30082B450 /* Localizable.strings */; };
		D741180A1EB2FB800082B450 /* InfoPlist.strings in Resources */ = {isa = PBXBuildFile; fileRef = D741180C1EB2FB800082B450 /* InfoPlist.strings */; };
		D74118111EB31E7E0082B450 /* HILayerBasicController.m in Sources */ = {isa = PBXBuildFile; fileRef = D74118101EB31E7E0082B450 /* HILayerBasicController.m */; };
		D74118171EB32F9B0082B450 /* HILayerTransformController.m in Sources */ = {isa = PBXBuildFile; fileRef = D74118161EB32F9B0082B450 /* HILayerTransformController.m */; };
		D787EDC11EB861CB003B8C29 /* huaji.png in Resources */ = {isa = PBXBuildFile; fileRef = D787EDC01EB861CB003B8C29 /* huaji.png */; };
		D787EDC41EB87BA0003B8C29 /* HILayerMaskController.m in Sources */ = {isa = PBXBuildFile; fileRef = D787EDC31EB87BA0003B8C29 /* HILayerMaskController.m */; };
		D787EDC71EB88E4C003B8C29 /* HILayerContentsController.m in Sources */ = {isa = PBXBuildFile; fileRef = D787EDC61EB88E4C003B8C29 /* HILayerContentsController.m */; };
		D787EDC91EB9B7B2003B8C29 /* tree@2x.png in Resources */ = {isa = PBXBuildFile; fileRef = D787EDC81EB9B7B2003B8C29 /* tree@2x.png */; };
		D787EDCC1EB9CBB0003B8C29 /* HILayerPathController.m in Sources */ = {isa = PBXBuildFile; fileRef = D787EDCB1EB9CBB0003B8C29 /* HILayerPathController.m */; };
/* End PBXBuildFile section */

/* Begin PBXFileReference section */
		D0372E652061152900BA83EC /* HILayerStrokeController.h */ = {isa = PBXFileReference; lastKnownFileType = sourcecode.c.h; path = HILayerStrokeController.h; sourceTree = "<group>"; };
		D0372E662061152900BA83EC /* HILayerStrokeController.m */ = {isa = PBXFileReference; lastKnownFileType = sourcecode.c.objc; path = HILayerStrokeController.m; sourceTree = "<group>"; };
		D74117BF1EB2E97C0082B450 /* iOSAnimation.app */ = {isa = PBXFileReference; explicitFileType = wrapper.application; includeInIndex = 0; path = iOSAnimation.app; sourceTree = BUILT_PRODUCTS_DIR; };
		D74117C31EB2E97C0082B450 /* main.m */ = {isa = PBXFileReference; lastKnownFileType = sourcecode.c.objc; path = main.m; sourceTree = "<group>"; };
		D74117CE1EB2E97C0082B450 /* Assets.xcassets */ = {isa = PBXFileReference; lastKnownFileType = folder.assetcatalog; path = Assets.xcassets; sourceTree = "<group>"; };
		D74117D11EB2E97C0082B450 /* Base */ = {isa = PBXFileReference; lastKnownFileType = file.storyboard; name = Base; path = Base.lproj/LaunchScreen.storyboard; sourceTree = "<group>"; };
		D74117D31EB2E97C0082B450 /* Info.plist */ = {isa = PBXFileReference; lastKnownFileType = text.plist.xml; path = Info.plist; sourceTree = "<group>"; };
		D74117DA1EB2ED340082B450 /* AppDelegate.h */ = {isa = PBXFileReference; fileEncoding = 4; lastKnownFileType = sourcecode.c.h; path = AppDelegate.h; sourceTree = "<group>"; };
		D74117DB1EB2ED340082B450 /* AppDelegate.m */ = {isa = PBXFileReference; fileEncoding = 4; lastKnownFileType = sourcecode.c.objc; path = AppDelegate.m; sourceTree = "<group>"; };
		D74117DE1EB2ED340082B450 /* ViewController.h */ = {isa = PBXFileReference; fileEncoding = 4; lastKnownFileType = sourcecode.c.h; path = ViewController.h; sourceTree = "<group>"; };
		D74117DF1EB2ED340082B450 /* ViewController.m */ = {isa = PBXFileReference; fileEncoding = 4; lastKnownFileType = sourcecode.c.objc; path = ViewController.m; sourceTree = "<group>"; };
		D74117E21EB2ED5E0082B450 /* Main.storyboard */ = {isa = PBXFileReference; fileEncoding = 4; lastKnownFileType = file.storyboard; path = Main.storyboard; sourceTree = "<group>"; };
		D74117E41EB2EDCB0082B450 /* HICALayerController.h */ = {isa = PBXFileReference; fileEncoding = 4; lastKnownFileType = sourcecode.c.h; path = HICALayerController.h; sourceTree = "<group>"; };
		D74117E51EB2EDCB0082B450 /* HICALayerController.m */ = {isa = PBXFileReference; fileEncoding = 4; lastKnownFileType = sourcecode.c.objc; path = HICALayerController.m; sourceTree = "<group>"; };
		D74117E71EB2EDE00082B450 /* HIUIViewController.h */ = {isa = PBXFileReference; fileEncoding = 4; lastKnownFileType = sourcecode.c.h; path = HIUIViewController.h; sourceTree = "<group>"; };
		D74117E81EB2EDE00082B450 /* HIUIViewController.m */ = {isa = PBXFileReference; fileEncoding = 4; lastKnownFileType = sourcecode.c.objc; path = HIUIViewController.m; sourceTree = "<group>"; };
		D74117EA1EB2F0FC0082B450 /* zh-Hans */ = {isa = PBXFileReference; lastKnownFileType = text.plist.strings; name = "zh-Hans"; path = "zh-Hans.lproj/LaunchScreen.strings"; sourceTree = "<group>"; };
		D74117F31EB2F9460082B450 /* en */ = {isa = PBXFileReference; lastKnownFileType = text.plist.strings; name = en; path = en.lproj/LaunchScreen.strings; sourceTree = "<group>"; };
		D74117FF1EB2FAA30082B450 /* zh-Hans */ = {isa = PBXFileReference; lastKnownFileType = text.plist.strings; name = "zh-Hans"; path = "zh-Hans.lproj/Localizable.strings"; sourceTree = "<group>"; };
		D74118011EB2FAA40082B450 /* en */ = {isa = PBXFileReference; lastKnownFileType = text.plist.strings; name = en; path = en.lproj/Localizable.strings; sourceTree = "<group>"; };
		D741180B1EB2FB800082B450 /* zh-Hans */ = {isa = PBXFileReference; lastKnownFileType = text.plist.strings; name = "zh-Hans"; path = "zh-Hans.lproj/InfoPlist.strings"; sourceTree = "<group>"; };
		D741180D1EB2FB810082B450 /* en */ = {isa = PBXFileReference; lastKnownFileType = text.plist.strings; name = en; path = en.lproj/InfoPlist.strings; sourceTree = "<group>"; };
		D741180F1EB31E7E0082B450 /* HILayerBasicController.h */ = {isa = PBXFileReference; fileEncoding = 4; lastKnownFileType = sourcecode.c.h; path = HILayerBasicController.h; sourceTree = "<group>"; };
		D74118101EB31E7E0082B450 /* HILayerBasicController.m */ = {isa = PBXFileReference; fileEncoding = 4; lastKnownFileType = sourcecode.c.objc; path = HILayerBasicController.m; sourceTree = "<group>"; };
		D74118151EB32F9B0082B450 /* HILayerTransformController.h */ = {isa = PBXFileReference; fileEncoding = 4; lastKnownFileType = sourcecode.c.h; path = HILayerTransformController.h; sourceTree = "<group>"; };
		D74118161EB32F9B0082B450 /* HILayerTransformController.m */ = {isa = PBXFileReference; fileEncoding = 4; lastKnownFileType = sourcecode.c.objc; path = HILayerTransformController.m; sourceTree = "<group>"; };
		D787EDC01EB861CB003B8C29 /* huaji.png */ = {isa = PBXFileReference; lastKnownFileType = image.png; path = huaji.png; sourceTree = "<group>"; };
		D787EDC21EB87BA0003B8C29 /* HILayerMaskController.h */ = {isa = PBXFileReference; fileEncoding = 4; lastKnownFileType = sourcecode.c.h; path = HILayerMaskController.h; sourceTree = "<group>"; };
		D787EDC31EB87BA0003B8C29 /* HILayerMaskController.m */ = {isa = PBXFileReference; fileEncoding = 4; lastKnownFileType = sourcecode.c.objc; path = HILayerMaskController.m; sourceTree = "<group>"; };
		D787EDC51EB88E4C003B8C29 /* HILayerContentsController.h */ = {isa = PBXFileReference; fileEncoding = 4; lastKnownFileType = sourcecode.c.h; path = HILayerContentsController.h; sourceTree = "<group>"; };
		D787EDC61EB88E4C003B8C29 /* HILayerContentsController.m */ = {isa = PBXFileReference; fileEncoding = 4; lastKnownFileType = sourcecode.c.objc; path = HILayerContentsController.m; sourceTree = "<group>"; };
		D787EDC81EB9B7B2003B8C29 /* tree@2x.png */ = {isa = PBXFileReference; lastKnownFileType = image.png; path = "tree@2x.png"; sourceTree = "<group>"; };
		D787EDCA1EB9CBB0003B8C29 /* HILayerPathController.h */ = {isa = PBXFileReference; fileEncoding = 4; lastKnownFileType = sourcecode.c.h; path = HILayerPathController.h; sourceTree = "<group>"; };
		D787EDCB1EB9CBB0003B8C29 /* HILayerPathController.m */ = {isa = PBXFileReference; fileEncoding = 4; lastKnownFileType = sourcecode.c.objc; path = HILayerPathController.m; sourceTree = "<group>"; };
/* End PBXFileReference section */

/* Begin PBXFrameworksBuildPhase section */
		D74117BC1EB2E97C0082B450 /* Frameworks */ = {
			isa = PBXFrameworksBuildPhase;
			buildActionMask = 2147483647;
			files = (
			);
			runOnlyForDeploymentPostprocessing = 0;
		};
/* End PBXFrameworksBuildPhase section */

/* Begin PBXGroup section */
		D74117B61EB2E97C0082B450 = {
			isa = PBXGroup;
			children = (
				D74117C11EB2E97C0082B450 /* iOSAnimation */,
				D74117C01EB2E97C0082B450 /* Products */,
			);
			sourceTree = "<group>";
			usesTabs = 0;
			wrapsLines = 1;
		};
		D74117C01EB2E97C0082B450 /* Products */ = {
			isa = PBXGroup;
			children = (
				D74117BF1EB2E97C0082B450 /* iOSAnimation.app */,
			);
			name = Products;
			sourceTree = "<group>";
		};
		D74117C11EB2E97C0082B450 /* iOSAnimation */ = {
			isa = PBXGroup;
			children = (
				D74117D91EB2ED340082B450 /* Classes */,
				D74117CE1EB2E97C0082B450 /* Assets.xcassets */,
				D74117D01EB2E97C0082B450 /* LaunchScreen.storyboard */,
				D74117D31EB2E97C0082B450 /* Info.plist */,
				D741180C1EB2FB800082B450 /* InfoPlist.strings */,
				D74118001EB2FAA30082B450 /* Localizable.strings */,
				D74117C21EB2E97C0082B450 /* Supporting Files */,
			);
			path = iOSAnimation;
			sourceTree = "<group>";
		};
		D74117C21EB2E97C0082B450 /* Supporting Files */ = {
			isa = PBXGroup;
			children = (
				D787EDC81EB9B7B2003B8C29 /* tree@2x.png */,
				D787EDC01EB861CB003B8C29 /* huaji.png */,
				D74117C31EB2E97C0082B450 /* main.m */,
			);
			name = "Supporting Files";
			sourceTree = "<group>";
		};
		D74117D91EB2ED340082B450 /* Classes */ = {
			isa = PBXGroup;
			children = (
				D74117E21EB2ED5E0082B450 /* Main.storyboard */,
				D74117DA1EB2ED340082B450 /* AppDelegate.h */,
				D74117DB1EB2ED340082B450 /* AppDelegate.m */,
				D74117DE1EB2ED340082B450 /* ViewController.h */,
				D74117DF1EB2ED340082B450 /* ViewController.m */,
				D74117DC1EB2ED340082B450 /* CALayer */,
				D74117DD1EB2ED340082B450 /* UIView */,
			);
			path = Classes;
			sourceTree = "<group>";
		};
		D74117DC1EB2ED340082B450 /* CALayer */ = {
			isa = PBXGroup;
			children = (
				D74117E41EB2EDCB0082B450 /* HICALayerController.h */,
				D74117E51EB2EDCB0082B450 /* HICALayerController.m */,
				D741180E1EB31E660082B450 /* basic */,
			);
			path = CALayer;
			sourceTree = "<group>";
		};
		D74117DD1EB2ED340082B450 /* UIView */ = {
			isa = PBXGroup;
			children = (
				D74117E71EB2EDE00082B450 /* HIUIViewController.h */,
				D74117E81EB2EDE00082B450 /* HIUIViewController.m */,
			);
			path = UIView;
			sourceTree = "<group>";
		};
		D741180E1EB31E660082B450 /* basic */ = {
			isa = PBXGroup;
			children = (
				D741180F1EB31E7E0082B450 /* HILayerBasicController.h */,
				D74118101EB31E7E0082B450 /* HILayerBasicController.m */,
				D74118121EB32F3E0082B450 /* layer */,
				D74118131EB32F3E0082B450 /* shapeLayer */,
				D74118141EB32F450082B450 /* gradientLayer */,
			);
			path = basic;
			sourceTree = "<group>";
		};
		D74118121EB32F3E0082B450 /* layer */ = {
			isa = PBXGroup;
			children = (
				D74118151EB32F9B0082B450 /* HILayerTransformController.h */,
				D74118161EB32F9B0082B450 /* HILayerTransformController.m */,
				D787EDC21EB87BA0003B8C29 /* HILayerMaskController.h */,
				D787EDC31EB87BA0003B8C29 /* HILayerMaskController.m */,
				D787EDC51EB88E4C003B8C29 /* HILayerContentsController.h */,
				D787EDC61EB88E4C003B8C29 /* HILayerContentsController.m */,
			);
			path = layer;
			sourceTree = "<group>";
		};
		D74118131EB32F3E0082B450 /* shapeLayer */ = {
			isa = PBXGroup;
			children = (
				D787EDCA1EB9CBB0003B8C29 /* HILayerPathController.h */,
				D787EDCB1EB9CBB0003B8C29 /* HILayerPathController.m */,
				D0372E652061152900BA83EC /* HILayerStrokeController.h */,
				D0372E662061152900BA83EC /* HILayerStrokeController.m */,
			);
			path = shapeLayer;
			sourceTree = "<group>";
		};
		D74118141EB32F450082B450 /* gradientLayer */ = {
			isa = PBXGroup;
			children = (
			);
			path = gradientLayer;
			sourceTree = "<group>";
		};
/* End PBXGroup section */

/* Begin PBXNativeTarget section */
		D74117BE1EB2E97C0082B450 /* iOSAnimation */ = {
			isa = PBXNativeTarget;
			buildConfigurationList = D74117D61EB2E97C0082B450 /* Build configuration list for PBXNativeTarget "iOSAnimation" */;
			buildPhases = (
				D74117BB1EB2E97C0082B450 /* Sources */,
				D74117BC1EB2E97C0082B450 /* Frameworks */,
				D74117BD1EB2E97C0082B450 /* Resources */,
			);
			buildRules = (
			);
			dependencies = (
			);
			name = iOSAnimation;
			productName = iOSAnimation;
			productReference = D74117BF1EB2E97C0082B450 /* iOSAnimation.app */;
			productType = "com.apple.product-type.application";
		};
/* End PBXNativeTarget section */

/* Begin PBXProject section */
		D74117B71EB2E97C0082B450 /* Project object */ = {
			isa = PBXProject;
			attributes = {
				CLASSPREFIX = HI;
				LastUpgradeCheck = 0810;
				ORGANIZATIONNAME = h_nChen;
				TargetAttributes = {
					D74117BE1EB2E97C0082B450 = {
						CreatedOnToolsVersion = 8.1;
						DevelopmentTeam = MZC5RAM649;
						ProvisioningStyle = Automatic;
					};
				};
			};
			buildConfigurationList = D74117BA1EB2E97C0082B450 /* Build configuration list for PBXProject "iOSAnimation" */;
			compatibilityVersion = "Xcode 6.3";
			developmentRegion = English;
			hasScannedForEncodings = 0;
			knownRegions = (
				Base,
				"zh-Hans",
				en,
			);
			mainGroup = D74117B61EB2E97C0082B450;
			productRefGroup = D74117C01EB2E97C0082B450 /* Products */;
			projectDirPath = "";
			projectRoot = "";
			targets = (
				D74117BE1EB2E97C0082B450 /* iOSAnimation */,
			);
		};
/* End PBXProject section */

/* Begin PBXResourcesBuildPhase section */
		D74117BD1EB2E97C0082B450 /* Resources */ = {
			isa = PBXResourcesBuildPhase;
			buildActionMask = 2147483647;
			files = (
				D74117FE1EB2FAA30082B450 /* Localizable.strings in Resources */,
				D787EDC11EB861CB003B8C29 /* huaji.png in Resources */,
				D787EDC91EB9B7B2003B8C29 /* tree@2x.png in Resources */,
				D74117E31EB2ED5E0082B450 /* Main.storyboard in Resources */,
				D74117D21EB2E97C0082B450 /* LaunchScreen.storyboard in Resources */,
				D74117CF1EB2E97C0082B450 /* Assets.xcassets in Resources */,
				D741180A1EB2FB800082B450 /* InfoPlist.strings in Resources */,
			);
			runOnlyForDeploymentPostprocessing = 0;
		};
/* End PBXResourcesBuildPhase section */

/* Begin PBXSourcesBuildPhase section */
		D74117BB1EB2E97C0082B450 /* Sources */ = {
			isa = PBXSourcesBuildPhase;
			buildActionMask = 2147483647;
			files = (
				D787EDC41EB87BA0003B8C29 /* HILayerMaskController.m in Sources */,
				D74118171EB32F9B0082B450 /* HILayerTransformController.m in Sources */,
				D74117E91EB2EDE00082B450 /* HIUIViewController.m in Sources */,
				D74117E11EB2ED340082B450 /* ViewController.m in Sources */,
				D0372E672061152900BA83EC /* HILayerStrokeController.m in Sources */,
				D787EDC71EB88E4C003B8C29 /* HILayerContentsController.m in Sources */,
				D787EDCC1EB9CBB0003B8C29 /* HILayerPathController.m in Sources */,
				D74117E01EB2ED340082B450 /* AppDelegate.m in Sources */,
				D74117E61EB2EDCB0082B450 /* HICALayerController.m in Sources */,
				D74117C41EB2E97C0082B450 /* main.m in Sources */,
				D74118111EB31E7E0082B450 /* HILayerBasicController.m in Sources */,
			);
			runOnlyForDeploymentPostprocessing = 0;
		};
/* End PBXSourcesBuildPhase section */

/* Begin PBXVariantGroup section */
		D74117D01EB2E97C0082B450 /* LaunchScreen.storyboard */ = {
			isa = PBXVariantGroup;
			children = (
				D74117D11EB2E97C0082B450 /* Base */,
				D74117EA1EB2F0FC0082B450 /* zh-Hans */,
				D74117F31EB2F9460082B450 /* en */,
			);
			name = LaunchScreen.storyboard;
			sourceTree = "<group>";
		};
		D74118001EB2FAA30082B450 /* Localizable.strings */ = {
			isa = PBXVariantGroup;
			children = (
				D74117FF1EB2FAA30082B450 /* zh-Hans */,
				D74118011EB2FAA40082B450 /* en */,
			);
			name = Localizable.strings;
			sourceTree = "<group>";
		};
		D741180C1EB2FB800082B450 /* InfoPlist.strings */ = {
			isa = PBXVariantGroup;
			children = (
				D741180B1EB2FB800082B450 /* zh-Hans */,
				D741180D1EB2FB810082B450 /* en */,
			);
			name = InfoPlist.strings;
			sourceTree = "<group>";
		};
/* End PBXVariantGroup section */

/* Begin XCBuildConfiguration section */
		D74117D41EB2E97C0082B450 /* Debug */ = {
			isa = XCBuildConfiguration;
			buildSettings = {
				ALWAYS_SEARCH_USER_PATHS = NO;
				CLANG_ANALYZER_LOCALIZABILITY_NONLOCALIZED = YES;
				CLANG_ANALYZER_NONNULL = YES;
				CLANG_CXX_LANGUAGE_STANDARD = "gnu++0x";
				CLANG_CXX_LIBRARY = "libc++";
				CLANG_ENABLE_MODULES = YES;
				CLANG_ENABLE_OBJC_ARC = YES;
				CLANG_WARN_BOOL_CONVERSION = YES;
				CLANG_WARN_CONSTANT_CONVERSION = YES;
				CLANG_WARN_DIRECT_OBJC_ISA_USAGE = YES_ERROR;
				CLANG_WARN_DOCUMENTATION_COMMENTS = YES;
				CLANG_WARN_EMPTY_BODY = YES;
				CLANG_WARN_ENUM_CONVERSION = YES;
				CLANG_WARN_INFINITE_RECURSION = YES;
				CLANG_WARN_INT_CONVERSION = YES;
				CLANG_WARN_OBJC_ROOT_CLASS = YES_ERROR;
				CLANG_WARN_SUSPICIOUS_MOVES = YES;
				CLANG_WARN_UNREACHABLE_CODE = YES;
				CLANG_WARN__DUPLICATE_METHOD_MATCH = YES;
				"CODE_SIGN_IDENTITY[sdk=iphoneos*]" = "iPhone Developer";
				COPY_PHASE_STRIP = NO;
				DEBUG_INFORMATION_FORMAT = dwarf;
				ENABLE_STRICT_OBJC_MSGSEND = YES;
				ENABLE_TESTABILITY = YES;
				GCC_C_LANGUAGE_STANDARD = gnu99;
				GCC_DYNAMIC_NO_PIC = NO;
				GCC_NO_COMMON_BLOCKS = YES;
				GCC_OPTIMIZATION_LEVEL = 0;
				GCC_PREPROCESSOR_DEFINITIONS = (
					"DEBUG=1",
					"$(inherited)",
				);
				GCC_WARN_64_TO_32_BIT_CONVERSION = YES;
				GCC_WARN_ABOUT_RETURN_TYPE = YES_ERROR;
				GCC_WARN_UNDECLARED_SELECTOR = YES;
				GCC_WARN_UNINITIALIZED_AUTOS = YES_AGGRESSIVE;
				GCC_WARN_UNUSED_FUNCTION = YES;
				GCC_WARN_UNUSED_VARIABLE = YES;
				IPHONEOS_DEPLOYMENT_TARGET = 10.1;
				MTL_ENABLE_DEBUG_INFO = YES;
				ONLY_ACTIVE_ARCH = YES;
				SDKROOT = iphoneos;
			};
			name = Debug;
		};
		D74117D51EB2E97C0082B450 /* Release */ = {
			isa = XCBuildConfiguration;
			buildSettings = {
				ALWAYS_SEARCH_USER_PATHS = NO;
				CLANG_ANALYZER_LOCALIZABILITY_NONLOCALIZED = YES;
				CLANG_ANALYZER_NONNULL = YES;
				CLANG_CXX_LANGUAGE_STANDARD = "gnu++0x";
				CLANG_CXX_LIBRARY = "libc++";
				CLANG_ENABLE_MODULES = YES;
				CLANG_ENABLE_OBJC_ARC = YES;
				CLANG_WARN_BOOL_CONVERSION = YES;
				CLANG_WARN_CONSTANT_CONVERSION = YES;
				CLANG_WARN_DIRECT_OBJC_ISA_USAGE = YES_ERROR;
				CLANG_WARN_DOCUMENTATION_COMMENTS = YES;
				CLANG_WARN_EMPTY_BODY = YES;
				CLANG_WARN_ENUM_CONVERSION = YES;
				CLANG_WARN_INFINITE_RECURSION = YES;
				CLANG_WARN_INT_CONVERSION = YES;
				CLANG_WARN_OBJC_ROOT_CLASS = YES_ERROR;
				CLANG_WARN_SUSPICIOUS_MOVES = YES;
				CLANG_WARN_UNREACHABLE_CODE = YES;
				CLANG_WARN__DUPLICATE_METHOD_MATCH = YES;
				"CODE_SIGN_IDENTITY[sdk=iphoneos*]" = "iPhone Developer";
				COPY_PHASE_STRIP = NO;
				DEBUG_INFORMATION_FORMAT = "dwarf-with-dsym";
				ENABLE_NS_ASSERTIONS = NO;
				ENABLE_STRICT_OBJC_MSGSEND = YES;
				GCC_C_LANGUAGE_STANDARD = gnu99;
				GCC_NO_COMMON_BLOCKS = YES;
				GCC_WARN_64_TO_32_BIT_CONVERSION = YES;
				GCC_WARN_ABOUT_RETURN_TYPE = YES_ERROR;
				GCC_WARN_UNDECLARED_SELECTOR = YES;
				GCC_WARN_UNINITIALIZED_AUTOS = YES_AGGRESSIVE;
				GCC_WARN_UNUSED_FUNCTION = YES;
				GCC_WARN_UNUSED_VARIABLE = YES;
				IPHONEOS_DEPLOYMENT_TARGET = 10.1;
				MTL_ENABLE_DEBUG_INFO = NO;
				SDKROOT = iphoneos;
				VALIDATE_PRODUCT = YES;
			};
			name = Release;
		};
		D74117D71EB2E97C0082B450 /* Debug */ = {
			isa = XCBuildConfiguration;
			buildSettings = {
				ASSETCATALOG_COMPILER_APPICON_NAME = AppIcon;
				DEVELOPMENT_TEAM = MZC5RAM649;
				INFOPLIST_FILE = iOSAnimation/Info.plist;
				IPHONEOS_DEPLOYMENT_TARGET = 8.0;
				LD_RUNPATH_SEARCH_PATHS = "$(inherited) @executable_path/Frameworks";
				PRODUCT_BUNDLE_IDENTIFIER = HIChen.iOSAnimation;
				PRODUCT_NAME = "$(TARGET_NAME)";
			};
			name = Debug;
		};
		D74117D81EB2E97C0082B450 /* Release */ = {
			isa = XCBuildConfiguration;
			buildSettings = {
				ASSETCATALOG_COMPILER_APPICON_NAME = AppIcon;
				DEVELOPMENT_TEAM = MZC5RAM649;
				INFOPLIST_FILE = iOSAnimation/Info.plist;
				IPHONEOS_DEPLOYMENT_TARGET = 8.0;
				LD_RUNPATH_SEARCH_PATHS = "$(inherited) @executable_path/Frameworks";
				PRODUCT_BUNDLE_IDENTIFIER = HIChen.iOSAnimation;
				PRODUCT_NAME = "$(TARGET_NAME)";
			};
			name = Release;
		};
/* End XCBuildConfiguration section */

/* Begin XCConfigurationList section */
		D74117BA1EB2E97C0082B450 /* Build configuration list for PBXProject "iOSAnimation" */ = {
			isa = XCConfigurationList;
			buildConfigurations = (
				D74117D41EB2E97C0082B450 /* Debug */,
				D74117D51EB2E97C0082B450 /* Release */,
			);
			defaultConfigurationIsVisible = 0;
			defaultConfigurationName = Release;
		};
		D74117D61EB2E97C0082B450 /* Build configuration list for PBXNativeTarget "iOSAnimation" */ = {
			isa = XCConfigurationList;
			buildConfigurations = (
				D74117D71EB2E97C0082B450 /* Debug */,
				D74117D81EB2E97C0082B450 /* Release */,
			);
			defaultConfigurationIsVisible = 0;
			defaultConfigurationName = Release;
		};
/* End XCConfigurationList section */
	};
	rootObject = D74117B71EB2E97C0082B450 /* Project object */;
}
